{
  "name": "com.erichamlin.admin",
  "version": "1.0.0",
  "lockfileVersion": 1,
  "requires": true,
  "dependencies": {
    "file-upload-with-preview": {
      "version": "4.0.8",
      "resolved": "https://registry.npmjs.org/file-upload-with-preview/-/file-upload-with-preview-4.0.8.tgz",
      "integrity": "sha512-ZlxHvPBcx1LLPOH8vuwxRnYgeUfbDgl5JYXl9GiRGDZvB4zZMHKJOlBt5CwH/jb+Aw9EhQS33NmJ33KHLoRaSQ=="
    }
  }
}
